PODS:
  - Flutter (1.0.0)
  - IOSSecuritySuite (1.9.11)
  - jailbreak_root_detection (1.0.1):
    - Flutter
    - IOSSecuritySuite (~> 1.9.10)
  - path_provider_foundation (0.0.1):
    - Flutter
    - FlutterMacOS

DEPENDENCIES:
  - Flutter (from `Flutter`)
  - jailbreak_root_detection (from `.symlinks/plugins/jailbreak_root_detection/ios`)
  - path_provider_foundation (from `.symlinks/plugins/path_provider_foundation/darwin`)

SPEC REPOS:
  trunk:
    - IOSSecuritySuite

EXTERNAL SOURCES:
  Flutter:
    :path: Flutter
  jailbreak_root_detection:
    :path: ".symlinks/plugins/jailbreak_root_detection/ios"
  path_provider_foundation:
    :path: ".symlinks/plugins/path_provider_foundation/darwin"

SPEC CHECKSUMS:
  Flutter: e0871f40cf51350855a761d2e70bf5af5b9b5de7
  IOSSecuritySuite: b51056d5411aee567153ca86ce7f6edfdc5d2654
  jailbreak_root_detection: b95de80c3e51eec1fc7d0225784d2fc038fa95ed
  path_provider_foundation: 2b6b4c569c0fb62ec74538f866245ac84301af46

PODFILE CHECKSUM: 819463e6a0290f5a72f145ba7cde16e8b6ef0796

COCOAPODS: 1.15.2
